<Solution>
  <Project Path="MauiApp1.Droid/MauiApp1.Droid.csproj">
    <Deploy />
  </Project>
  <Project Path="MauiApp1.iOS/MauiApp1.iOS.csproj">
    <Deploy />
  </Project>
  <Project Path="MauiApp1.Mac/MauiApp1.Mac.csproj">
    <Deploy />
  </Project>
  <Project Path="MauiApp1.WinUI/MauiApp1.WinUI.csproj">
    <Platform Project="x64" />
  </Project>
  <Project Path="MauiApp1/MauiApp1.csproj" />
</Solution>
