<Solution>
  <Project Path="SCAssistant.MauiApp.Droid/SCAssistant.MauiApp.Droid.csproj">
    <Deploy />
  </Project>
  <Project Path="SCAssistant.MauiApp.iOS/SCAssistant.MauiApp.iOS.csproj">
    <Deploy />
  </Project>
  <Project Path="SCAssistant.MauiApp.Mac/SCAssistant.MauiApp.Mac.csproj">
    <Deploy />
  </Project>
  <Project Path="SCAssistant.MauiApp.WinUI/SCAssistant.MauiApp.WinUI.csproj">
    <Platform Project="x64" />
  </Project>
  <Project Path="SCAssistant.MauiApp.Linux/SCAssistant.MauiApp.Linux.csproj">
    <Platform Project="x64" />
  </Project>
  <Project Path="SCAssistant.MauiApp/SCAssistant.MauiApp.csproj" />
</Solution>
